
Microsoft Visual Studio Solution File, Format Version 12.00
# Visual Studio Version 17
VisualStudioVersion = 17.8.34511.84
MinimumVisualStudioVersion = 10.0.40219.1
Project("{2150E333-8FDC-42A3-9474-1A3956D46DE8}") = "src", "src", "{08BE3E70-3E35-4FD1-956C-0C689BD9237A}"
EndProject
Project("{2150E333-8FDC-42A3-9474-1A3956D46DE8}") = "tests", "tests", "{E19CDEF1-BAEA-40AA-B4DF-7E814BC86D50}"
EndProject
Project("{FAE04EC0-301F-11D3-BF4B-00C04F79EFBC}") = "ABS.Domain", "ABS.Domain\ABS.Domain.csproj", "{219AF2FC-A412-4295-B7A3-DB125E5CD7A6}"
EndProject
Global
	GlobalSection(SolutionConfigurationPlatforms) = preSolution
		Debug|Any CPU = Debug|Any CPU
		Release|Any CPU = Release|Any CPU
	EndGlobalSection
	GlobalSection(ProjectConfigurationPlatforms) = postSolution
		{219AF2FC-A412-4295-B7A3-DB125E5CD7A6}.Debug|Any CPU.ActiveCfg = Debug|Any CPU
		{219AF2FC-A412-4295-B7A3-DB125E5CD7A6}.Debug|Any CPU.Build.0 = Debug|Any CPU
		{219AF2FC-A412-4295-B7A3-DB125E5CD7A6}.Release|Any CPU.ActiveCfg = Release|Any CPU
		{219AF2FC-A412-4295-B7A3-DB125E5CD7A6}.Release|Any CPU.Build.0 = Release|Any CPU
	EndGlobalSection
	GlobalSection(SolutionProperties) = preSolution
		HideSolutionNode = FALSE
	EndGlobalSection
	GlobalSection(NestedProjects) = preSolution
		{219AF2FC-A412-4295-B7A3-DB125E5CD7A6} = {08BE3E70-3E35-4FD1-956C-0C689BD9237A}
	EndGlobalSection
	GlobalSection(ExtensibilityGlobals) = postSolution
		SolutionGuid = {16E9A12B-FFD0-469D-8E7D-73A24D03303F}
	EndGlobalSection
EndGlobal
